// !$*UTF8*$!
{
	archiveVersion = 1;
	classes = {
	};
	objectVersion = 46;
	objects = {

/* Begin PBXBuildFile section */
		4C100DD11F5FA10100CD50E8 /* AppDelegate.swift in Sources */ = {isa = PBXBuildFile; fileRef = 4C100DD01F5FA10100CD50E8 /* AppDelegate.swift */; };
		4C100DD31F5FA10100CD50E8 /* ViewController.swift in Sources */ = {isa = PBXBuildFile; fileRef = 4C100DD21F5FA10100CD50E8 /* ViewController.swift */; };
		4C100DD61F5FA10100CD50E8 /* Main.storyboard in Resources */ = {isa = PBXBuildFile; fileRef = 4C100DD41F5FA10100CD50E8 /* Main.storyboard */; };
		4C100DD81F5FA10100CD50E8 /* Assets.xcassets in Resources */ = {isa = PBXBuildFile; fileRef = 4C100DD71F5FA10100CD50E8 /* Assets.xcassets */; };
		4C100DDB1F5FA10100CD50E8 /* LaunchScreen.storyboard in Resources */ = {isa = PBXBuildFile; fileRef = 4C100DD91F5FA10100CD50E8 /* LaunchScreen.storyboard */; };
		4C100DE61F5FA10100CD50E8 /* re_apple_musicTests.swift in Sources */ = {isa = PBXBuildFile; fileRef = 4C100DE51F5FA10100CD50E8 /* re_apple_musicTests.swift */; };
		4C100DF11F5FA10200CD50E8 /* re_apple_musicUITests.swift in Sources */ = {isa = PBXBuildFile; fileRef = 4C100DF01F5FA10200CD50E8 /* re_apple_musicUITests.swift */; };
/* End PBXBuildFile section */

/* Begin PBXContainerItemProxy section */
		4C100DE21F5FA10100CD50E8 /* PBXContainerItemProxy */ = {
			isa = PBXContainerItemProxy;
			containerPortal = 4C100DC51F5FA10100CD50E8 /* Project object */;
			proxyType = 1;
			remoteGlobalIDString = 4C100DCC1F5FA10100CD50E8;
			remoteInfo = "re-apple-music";
		};
		4C100DED1F5FA10100CD50E8 /* PBXContainerItemProxy */ = {
			isa = PBXContainerItemProxy;
			containerPortal = 4C100DC51F5FA10100CD50E8 /* Project object */;
			proxyType = 1;
			remoteGlobalIDString = 4C100DCC1F5FA10100CD50E8;
			remoteInfo = "re-apple-music";
		};
/* End PBXContainerItemProxy section */

/* Begin PBXFileReference section */
		4C100DCD1F5FA10100CD50E8 /* re-apple-music.app */ = {isa = PBXFileReference; explicitFileType = wrapper.application; includeInIndex = 0; path = "re-apple-music.app"; sourceTree = BUILT_PRODUCTS_DIR; };
		4C100DD01F5FA10100CD50E8 /* AppDelegate.swift */ = {isa = PBXFileReference; lastKnownFileType = sourcecode.swift; path = AppDelegate.swift; sourceTree = "<group>"; };
		4C100DD21F5FA10100CD50E8 /* ViewController.swift */ = {isa = PBXFileReference; lastKnownFileType = sourcecode.swift; path = ViewController.swift; sourceTree = "<group>"; };
		4C100DD51F5FA10100CD50E8 /* Base */ = {isa = PBXFileReference; lastKnownFileType = file.storyboard; name = Base; path = Base.lproj/Main.storyboard; sourceTree = "<group>"; };
		4C100DD71F5FA10100CD50E8 /* Assets.xcassets */ = {isa = PBXFileReference; lastKnownFileType = folder.assetcatalog; path = Assets.xcassets; sourceTree = "<group>"; };
		4C100DDA1F5FA10100CD50E8 /* Base */ = {isa = PBXFileReference; lastKnownFileType = file.storyboard; name = Base; path = Base.lproj/LaunchScreen.storyboard; sourceTree = "<group>"; };
		4C100DDC1F5FA10100CD50E8 /* Info.plist */ = {isa = PBXFileReference; lastKnownFileType = text.plist.xml; path = Info.plist; sourceTree = "<group>"; };
		4C100DE11F5FA10100CD50E8 /* re-apple-musicTests.xctest */ = {isa = PBXFileReference; explicitFileType = wrapper.cfbundle; includeInIndex = 0; path = "re-apple-musicTests.xctest"; sourceTree = BUILT_PRODUCTS_DIR; };
		4C100DE51F5FA10100CD50E8 /* re_apple_musicTests.swift */ = {isa = PBXFileReference; lastKnownFileType = sourcecode.swift; path = re_apple_musicTests.swift; sourceTree = "<group>"; };
		4C100DE71F5FA10100CD50E8 /* Info.plist */ = {isa = PBXFileReference; lastKnownFileType = text.plist.xml; path = Info.plist; sourceTree = "<group>"; };
		4C100DEC1F5FA10100CD50E8 /* re-apple-musicUITests.xctest */ = {isa = PBXFileReference; explicitFileType = wrapper.cfbundle; includeInIndex = 0; path = "re-apple-musicUITests.xctest"; sourceTree = BUILT_PRODUCTS_DIR; };
		4C100DF01F5FA10200CD50E8 /* re_apple_musicUITests.swift */ = {isa = PBXFileReference; lastKnownFileType = sourcecode.swift; path = re_apple_musicUITests.swift; sourceTree = "<group>"; };
		4C100DF21F5FA10200CD50E8 /* Info.plist */ = {isa = PBXFileReference; lastKnownFileType = text.plist.xml; path = Info.plist; sourceTree = "<group>"; };
/* End PBXFileReference section */

/* Begin PBXFrameworksBuildPhase section */
		4C100DCA1F5FA10100CD50E8 /* Frameworks */ = {
			isa = PBXFrameworksBuildPhase;
			buildActionMask = 2147483647;
			files = (
			);
			runOnlyForDeploymentPostprocessing = 0;
		};
		4C100DDE1F5FA10100CD50E8 /* Frameworks */ = {
			isa = PBXFrameworksBuildPhase;
			buildActionMask = 2147483647;
			files = (
			);
			runOnlyForDeploymentPostprocessing = 0;
		};
		4C100DE91F5FA10100CD50E8 /* Frameworks */ = {
			isa = PBXFrameworksBuildPhase;
			buildActionMask = 2147483647;
			files = (
			);
			runOnlyForDeploymentPostprocessing = 0;
		};
/* End PBXFrameworksBuildPhase section */

/* Begin PBXGroup section */
		4C100DC41F5FA10100CD50E8 = {
			isa = PBXGroup;
			children = (
				4C100DCF1F5FA10100CD50E8 /* re-apple-music */,
				4C100DE41F5FA10100CD50E8 /* re-apple-musicTests */,
				4C100DEF1F5FA10100CD50E8 /* re-apple-musicUITests */,
				4C100DCE1F5FA10100CD50E8 /* Products */,
			);
			sourceTree = "<group>";
		};
		4C100DCE1F5FA10100CD50E8 /* Products */ = {
			isa = PBXGroup;
			children = (
				4C100DCD1F5FA10100CD50E8 /* re-apple-music.app */,
				4C100DE11F5FA10100CD50E8 /* re-apple-musicTests.xctest */,
				4C100DEC1F5FA10100CD50E8 /* re-apple-musicUITests.xctest */,
			);
			name = Products;
			sourceTree = "<group>";
		};
		4C100DCF1F5FA10100CD50E8 /* re-apple-music */ = {
			isa = PBXGroup;
			children = (
				4C100DD01F5FA10100CD50E8 /* AppDelegate.swift */,
				4C100DD21F5FA10100CD50E8 /* ViewController.swift */,
				4C100DD41F5FA10100CD50E8 /* Main.storyboard */,
				4C100DD71F5FA10100CD50E8 /* Assets.xcassets */,
				4C100DD91F5FA10100CD50E8 /* LaunchScreen.storyboard */,
				4C100DDC1F5FA10100CD50E8 /* Info.plist */,
			);
			path = "re-apple-music";
			sourceTree = "<group>";
		};
		4C100DE41F5FA10100CD50E8 /* re-apple-musicTests */ = {
			isa = PBXGroup;
			children = (
				4C100DE51F5FA10100CD50E8 /* re_apple_musicTests.swift */,
				4C100DE71F5FA10100CD50E8 /* Info.plist */,
			);
			path = "re-apple-musicTests";
			sourceTree = "<group>";
		};
		4C100DEF1F5FA10100CD50E8 /* re-apple-musicUITests */ = {
			isa = PBXGroup;
			children = (
				4C100DF01F5FA10200CD50E8 /* re_apple_musicUITests.swift */,
				4C100DF21F5FA10200CD50E8 /* Info.plist */,
			);
			path = "re-apple-musicUITests";
			sourceTree = "<group>";
		};
/* End PBXGroup section */

/* Begin PBXNativeTarget section */
		4C100DCC1F5FA10100CD50E8 /* re-apple-music */ = {
			isa = PBXNativeTarget;
			buildConfigurationList = 4C100DF51F5FA10200CD50E8 /* Build configuration list for PBXNativeTarget "re-apple-music" */;
			buildPhases = (
				4C100DC91F5FA10100CD50E8 /* Sources */,
				4C100DCA1F5FA10100CD50E8 /* Frameworks */,
				4C100DCB1F5FA10100CD50E8 /* Resources */,
			);
			buildRules = (
			);
			dependencies = (
			);
			name = "re-apple-music";
			productName = "re-apple-music";
			productReference = 4C100DCD1F5FA10100CD50E8 /* re-apple-music.app */;
			productType = "com.apple.product-type.application";
		};
		4C100DE01F5FA10100CD50E8 /* re-apple-musicTests */ = {
			isa = PBXNativeTarget;
			buildConfigurationList = 4C100DF81F5FA10200CD50E8 /* Build configuration list for PBXNativeTarget "re-apple-musicTests" */;
			buildPhases = (
				4C100DDD1F5FA10100CD50E8 /* Sources */,
				4C100DDE1F5FA10100CD50E8 /* Frameworks */,
				4C100DDF1F5FA10100CD50E8 /* Resources */,
			);
			buildRules = (
			);
			dependencies = (
				4C100DE31F5FA10100CD50E8 /* PBXTargetDependency */,
			);
			name = "re-apple-musicTests";
			productName = "re-apple-musicTests";
			productReference = 4C100DE11F5FA10100CD50E8 /* re-apple-musicTests.xctest */;
			productType = "com.apple.product-type.bundle.unit-test";
		};
		4C100DEB1F5FA10100CD50E8 /* re-apple-musicUITests */ = {
			isa = PBXNativeTarget;
			buildConfigurationList = 4C100DFB1F5FA10200CD50E8 /* Build configuration list for PBXNativeTarget "re-apple-musicUITests" */;
			buildPhases = (
				4C100DE81F5FA10100CD50E8 /* Sources */,
				4C100DE91F5FA10100CD50E8 /* Frameworks */,
				4C100DEA1F5FA10100CD50E8 /* Resources */,
			);
			buildRules = (
			);
			dependencies = (
				4C100DEE1F5FA10100CD50E8 /* PBXTargetDependency */,
			);
			name = "re-apple-musicUITests";
			productName = "re-apple-musicUITests";
			productReference = 4C100DEC1F5FA10100CD50E8 /* re-apple-musicUITests.xctest */;
			productType = "com.apple.product-type.bundle.ui-testing";
		};
/* End PBXNativeTarget section */

/* Begin PBXProject section */
		4C100DC51F5FA10100CD50E8 /* Project object */ = {
			isa = PBXProject;
			attributes = {
				LastSwiftUpdateCheck = 0830;
				LastUpgradeCheck = 0830;
				ORGANIZATIONNAME = "B0RN BKLYN, Inc";
				TargetAttributes = {
					4C100DCC1F5FA10100CD50E8 = {
						CreatedOnToolsVersion = 8.3.3;
						DevelopmentTeam = G87HUM96UL;
						ProvisioningStyle = Automatic;
					};
					4C100DE01F5FA10100CD50E8 = {
						CreatedOnToolsVersion = 8.3.3;
						DevelopmentTeam = G87HUM96UL;
						ProvisioningStyle = Automatic;
						TestTargetID = 4C100DCC1F5FA10100CD50E8;
					};
					4C100DEB1F5FA10100CD50E8 = {
						CreatedOnToolsVersion = 8.3.3;
						DevelopmentTeam = G87HUM96UL;
						ProvisioningStyle = Automatic;
						TestTargetID = 4C100DCC1F5FA10100CD50E8;
					};
				};
			};
			buildConfigurationList = 4C100DC81F5FA10100CD50E8 /* Build configuration list for PBXProject "re-apple-music" */;
			compatibilityVersion = "Xcode 3.2";
			developmentRegion = English;
			hasScannedForEncodings = 0;
			knownRegions = (
				en,
				Base,
			);
			mainGroup = 4C100DC41F5FA10100CD50E8;
			productRefGroup = 4C100DCE1F5FA10100CD50E8 /* Products */;
			projectDirPath = "";
			projectRoot = "";
			targets = (
				4C100DCC1F5FA10100CD50E8 /* re-apple-music */,
				4C100DE01F5FA10100CD50E8 /* re-apple-musicTests */,
				4C100DEB1F5FA10100CD50E8 /* re-apple-musicUITests */,
			);
		};
/* End PBXProject section */

/* Begin PBXResourcesBuildPhase section */
		4C100DCB1F5FA10100CD50E8 /* Resources */ = {
			isa = PBXResourcesBuildPhase;
			buildActionMask = 2147483647;
			files = (
				4C100DDB1F5FA10100CD50E8 /* LaunchScreen.storyboard in Resources */,
				4C100DD81F5FA10100CD50E8 /* Assets.xcassets in Resources */,
				4C100DD61F5FA10100CD50E8 /* Main.storyboard in Resources */,
			);
			runOnlyForDeploymentPostprocessing = 0;
		};
		4C100DDF1F5FA10100CD50E8 /* Resources */ = {
			isa = PBXResourcesBuildPhase;
			buildActionMask = 2147483647;
			files = (
			);
			runOnlyForDeploymentPostprocessing = 0;
		};
		4C100DEA1F5FA10100CD50E8 /* Resources */ = {
			isa = PBXResourcesBuildPhase;
			buildActionMask = 2147483647;
			files = (
			);
			runOnlyForDeploymentPostprocessing = 0;
		};
/* End PBXResourcesBuildPhase section */

/* Begin PBXSourcesBuildPhase section */
		4C100DC91F5FA10100CD50E8 /* Sources */ = {
			isa = PBXSourcesBuildPhase;
			buildActionMask = 2147483647;
			files = (
				4C100DD31F5FA10100CD50E8 /* ViewController.swift in Sources */,
				4C100DD11F5FA10100CD50E8 /* AppDelegate.swift in Sources */,
			);
			runOnlyForDeploymentPostprocessing = 0;
		};
		4C100DDD1F5FA10100CD50E8 /* Sources */ = {
			isa = PBXSourcesBuildPhase;
			buildActionMask = 2147483647;
			files = (
				4C100DE61F5FA10100CD50E8 /* re_apple_musicTests.swift in Sources */,
			);
			runOnlyForDeploymentPostprocessing = 0;
		};
		4C100DE81F5FA10100CD50E8 /* Sources */ = {
			isa = PBXSourcesBuildPhase;
			buildActionMask = 2147483647;
			files = (
				4C100DF11F5FA10200CD50E8 /* re_apple_musicUITests.swift in Sources */,
			);
			runOnlyForDeploymentPostprocessing = 0;
		};
/* End PBXSourcesBuildPhase section */

/* Begin PBXTargetDependency section */
		4C100DE31F5FA10100CD50E8 /* PBXTargetDependency */ = {
			isa = PBXTargetDependency;
			target = 4C100DCC1F5FA10100CD50E8 /* re-apple-music */;
			targetProxy = 4C100DE21F5FA10100CD50E8 /* PBXContainerItemProxy */;
		};
		4C100DEE1F5FA10100CD50E8 /* PBXTargetDependency */ = {
			isa = PBXTargetDependency;
			target = 4C100DCC1F5FA10100CD50E8 /* re-apple-music */;
			targetProxy = 4C100DED1F5FA10100CD50E8 /* PBXContainerItemProxy */;
		};
/* End PBXTargetDependency section */

/* Begin PBXVariantGroup section */
		4C100DD41F5FA10100CD50E8 /* Main.storyboard */ = {
			isa = PBXVariantGroup;
			children = (
				4C100DD51F5FA10100CD50E8 /* Base */,
			);
			name = Main.storyboard;
			sourceTree = "<group>";
		};
		4C100DD91F5FA10100CD50E8 /* LaunchScreen.storyboard */ = {
			isa = PBXVariantGroup;
			children = (
				4C100DDA1F5FA10100CD50E8 /* Base */,
			);
			name = LaunchScreen.storyboard;
			sourceTree = "<group>";
		};
/* End PBXVariantGroup section */

/* Begin XCBuildConfiguration section */
		4C100DF31F5FA10200CD50E8 /* Debug */ = {
			isa = XCBuildConfiguration;
			buildSettings = {
				ALWAYS_SEARCH_USER_PATHS = NO;
				CLANG_ANALYZER_NONNULL = YES;
				CLANG_ANALYZER_NUMBER_OBJECT_CONVERSION = YES_AGGRESSIVE;
				CLANG_CXX_LANGUAGE_STANDARD = "gnu++0x";
				CLANG_CXX_LIBRARY = "libc++";
				CLANG_ENABLE_MODULES = YES;
				CLANG_ENABLE_OBJC_ARC = YES;
				CLANG_WARN_BOOL_CONVERSION = YES;
				CLANG_WARN_CONSTANT_CONVERSION = YES;
				CLANG_WARN_DIRECT_OBJC_ISA_USAGE = YES_ERROR;
				CLANG_WARN_DOCUMENTATION_COMMENTS = YES;
				CLANG_WARN_EMPTY_BODY = YES;
				CLANG_WARN_ENUM_CONVERSION = YES;
				CLANG_WARN_INFINITE_RECURSION = YES;
				CLANG_WARN_INT_CONVERSION = YES;
				CLANG_WARN_OBJC_ROOT_CLASS = YES_ERROR;
				CLANG_WARN_SUSPICIOUS_MOVE = YES;
				CLANG_WARN_UNREACHABLE_CODE = YES;
				CLANG_WARN__DUPLICATE_METHOD_MATCH = YES;
				"CODE_SIGN_IDENTITY[sdk=iphoneos*]" = "iPhone Developer";
				COPY_PHASE_STRIP = NO;
				DEBUG_INFORMATION_FORMAT = dwarf;
				ENABLE_STRICT_OBJC_MSGSEND = YES;
				ENABLE_TESTABILITY = YES;
				GCC_C_LANGUAGE_STANDARD = gnu99;
				GCC_DYNAMIC_NO_PIC = NO;
				GCC_NO_COMMON_BLOCKS = YES;
				GCC_OPTIMIZATION_LEVEL = 0;
				GCC_PREPROCESSOR_DEFINITIONS = (
					"DEBUG=1",
					"$(inherited)",
				);
				GCC_WARN_64_TO_32_BIT_CONVERSION = YES;
				GCC_WARN_ABOUT_RETURN_TYPE = YES_ERROR;
				GCC_WARN_UNDECLARED_SELECTOR = YES;
				GCC_WARN_UNINITIALIZED_AUTOS = YES_AGGRESSIVE;
				GCC_WARN_UNUSED_FUNCTION = YES;
				GCC_WARN_UNUSED_VARIABLE = YES;
				IPHONEOS_DEPLOYMENT_TARGET = 10.3;
				MTL_ENABLE_DEBUG_INFO = YES;
				ONLY_ACTIVE_ARCH = YES;
				SDKROOT = iphoneos;
				SWIFT_ACTIVE_COMPILATION_CONDITIONS = DEBUG;
				SWIFT_OPTIMIZATION_LEVEL = "-Onone";
			};
			name = Debug;
		};
		4C100DF41F5FA10200CD50E8 /* Release */ = {
			isa = XCBuildConfiguration;
			buildSettings = {
				ALWAYS_SEARCH_USER_PATHS = NO;
				CLANG_ANALYZER_NONNULL = YES;
				CLANG_ANALYZER_NUMBER_OBJECT_CONVERSION = YES_AGGRESSIVE;
				CLANG_CXX_LANGUAGE_STANDARD = "gnu++0x";
				CLANG_CXX_LIBRARY = "libc++";
				CLANG_ENABLE_MODULES = YES;
				CLANG_ENABLE_OBJC_ARC = YES;
				CLANG_WARN_BOOL_CONVERSION = YES;
				CLANG_WARN_CONSTANT_CONVERSION = YES;
				CLANG_WARN_DIRECT_OBJC_ISA_USAGE = YES_ERROR;
				CLANG_WARN_DOCUMENTATION_COMMENTS = YES;
				CLANG_WARN_EMPTY_BODY = YES;
				CLANG_WARN_ENUM_CONVERSION = YES;
				CLANG_WARN_INFINITE_RECURSION = YES;
				CLANG_WARN_INT_CONVERSION = YES;
				CLANG_WARN_OBJC_ROOT_CLASS = YES_ERROR;
				CLANG_WARN_SUSPICIOUS_MOVE = YES;
				CLANG_WARN_UNREACHABLE_CODE = YES;
				CLANG_WARN__DUPLICATE_METHOD_MATCH = YES;
				"CODE_SIGN_IDENTITY[sdk=iphoneos*]" = "iPhone Developer";
				COPY_PHASE_STRIP = NO;
				DEBUG_INFORMATION_FORMAT = "dwarf-with-dsym";
				ENABLE_NS_ASSERTIONS = NO;
				ENABLE_STRICT_OBJC_MSGSEND = YES;
				GCC_C_LANGUAGE_STANDARD = gnu99;
				GCC_NO_COMMON_BLOCKS = YES;
				GCC_WARN_64_TO_32_BIT_CONVERSION = YES;
				GCC_WARN_ABOUT_RETURN_TYPE = YES_ERROR;
				GCC_WARN_UNDECLARED_SELECTOR = YES;
				GCC_WARN_UNINITIALIZED_AUTOS = YES_AGGRESSIVE;
				GCC_WARN_UNUSED_FUNCTION = YES;
				GCC_WARN_UNUSED_VARIABLE = YES;
				IPHONEOS_DEPLOYMENT_TARGET = 10.3;
				MTL_ENABLE_DEBUG_INFO = NO;
				SDKROOT = iphoneos;
				SWIFT_OPTIMIZATION_LEVEL = "-Owholemodule";
				VALIDATE_PRODUCT = YES;
			};
			name = Release;
		};
		4C100DF61F5FA10200CD50E8 /* Debug */ = {
			isa = XCBuildConfiguration;
			buildSettings = {
				ASSETCATALOG_COMPILER_APPICON_NAME = AppIcon;
				DEVELOPMENT_TEAM = G87HUM96UL;
				INFOPLIST_FILE = "re-apple-music/Info.plist";
				LD_RUNPATH_SEARCH_PATHS = "$(inherited) @executable_path/Frameworks";
				PRODUCT_BUNDLE_IDENTIFIER = "com.bornbklyn.re-apple-music";
				PRODUCT_NAME = "$(TARGET_NAME)";
				SWIFT_VERSION = 3.0;
			};
			name = Debug;
		};
		4C100DF71F5FA10200CD50E8 /* Release */ = {
			isa = XCBuildConfiguration;
			buildSettings = {
				ASSETCATALOG_COMPILER_APPICON_NAME = AppIcon;
				DEVELOPMENT_TEAM = G87HUM96UL;
				INFOPLIST_FILE = "re-apple-music/Info.plist";
				LD_RUNPATH_SEARCH_PATHS = "$(inherited) @executable_path/Frameworks";
				PRODUCT_BUNDLE_IDENTIFIER = "com.bornbklyn.re-apple-music";
				PRODUCT_NAME = "$(TARGET_NAME)";
				SWIFT_VERSION = 3.0;
			};
			name = Release;
		};
		4C100DF91F5FA10200CD50E8 /* Debug */ = {
			isa = XCBuildConfiguration;
			buildSettings = {
				ALWAYS_EMBED_SWIFT_STANDARD_LIBRARIES = YES;
				BUNDLE_LOADER = "$(TEST_HOST)";
				DEVELOPMENT_TEAM = G87HUM96UL;
				INFOPLIST_FILE = "re-apple-musicTests/Info.plist";
				LD_RUNPATH_SEARCH_PATHS = "$(inherited) @executable_path/Frameworks @loader_path/Frameworks";
				PRODUCT_BUNDLE_IDENTIFIER = "com.bornbklyn.re-apple-musicTests";
				PRODUCT_NAME = "$(TARGET_NAME)";
				SWIFT_VERSION = 3.0;
				TEST_HOST = "$(BUILT_PRODUCTS_DIR)/re-apple-music.app/re-apple-music";
			};
			name = Debug;
		};
		4C100DFA1F5FA10200CD50E8 /* Release */ = {
			isa = XCBuildConfiguration;
			buildSettings = {
				ALWAYS_EMBED_SWIFT_STANDARD_LIBRARIES = YES;
				BUNDLE_LOADER = "$(TEST_HOST)";
				DEVELOPMENT_TEAM = G87HUM96UL;
				INFOPLIST_FILE = "re-apple-musicTests/Info.plist";
				LD_RUNPATH_SEARCH_PATHS = "$(inherited) @executable_path/Frameworks @loader_path/Frameworks";
				PRODUCT_BUNDLE_IDENTIFIER = "com.bornbklyn.re-apple-musicTests";
				PRODUCT_NAME = "$(TARGET_NAME)";
				SWIFT_VERSION = 3.0;
				TEST_HOST = "$(BUILT_PRODUCTS_DIR)/re-apple-music.app/re-apple-music";
			};
			name = Release;
		};
		4C100DFC1F5FA10200CD50E8 /* Debug */ = {
			isa = XCBuildConfiguration;
			buildSettings = {
				ALWAYS_EMBED_SWIFT_STANDARD_LIBRARIES = YES;
				DEVELOPMENT_TEAM = G87HUM96UL;
				INFOPLIST_FILE = "re-apple-musicUITests/Info.plist";
				LD_RUNPATH_SEARCH_PATHS = "$(inherited) @executable_path/Frameworks @loader_path/Frameworks";
				PRODUCT_BUNDLE_IDENTIFIER = "com.bornbklyn.re-apple-musicUITests";
				PRODUCT_NAME = "$(TARGET_NAME)";
				SWIFT_VERSION = 3.0;
				TEST_TARGET_NAME = "re-apple-music";
			};
			name = Debug;
		};
		4C100DFD1F5FA10200CD50E8 /* Release */ = {
			isa = XCBuildConfiguration;
			buildSettings = {
				ALWAYS_EMBED_SWIFT_STANDARD_LIBRARIES = YES;
				DEVELOPMENT_TEAM = G87HUM96UL;
				INFOPLIST_FILE = "re-apple-musicUITests/Info.plist";
				LD_RUNPATH_SEARCH_PATHS = "$(inherited) @executable_path/Frameworks @loader_path/Frameworks";
				PRODUCT_BUNDLE_IDENTIFIER = "com.bornbklyn.re-apple-musicUITests";
				PRODUCT_NAME = "$(TARGET_NAME)";
				SWIFT_VERSION = 3.0;
				TEST_TARGET_NAME = "re-apple-music";
			};
			name = Release;
		};
/* End XCBuildConfiguration section */

/* Begin XCConfigurationList section */
		4C100DC81F5FA10100CD50E8 /* Build configuration list for PBXProject "re-apple-music" */ = {
			isa = XCConfigurationList;
			buildConfigurations = (
				4C100DF31F5FA10200CD50E8 /* Debug */,
				4C100DF41F5FA10200CD50E8 /* Release */,
			);
			defaultConfigurationIsVisible = 0;
			defaultConfigurationName = Release;
		};
		4C100DF51F5FA10200CD50E8 /* Build configuration list for PBXNativeTarget "re-apple-music" */ = {
			isa = XCConfigurationList;
			buildConfigurations = (
				4C100DF61F5FA10200CD50E8 /* Debug */,
				4C100DF71F5FA10200CD50E8 /* Release */,
			);
			defaultConfigurationIsVisible = 0;
		};
		4C100DF81F5FA10200CD50E8 /* Build configuration list for PBXNativeTarget "re-apple-musicTests" */ = {
			isa = XCConfigurationList;
			buildConfigurations = (
				4C100DF91F5FA10200CD50E8 /* Debug */,
				4C100DFA1F5FA10200CD50E8 /* Release */,
			);
			defaultConfigurationIsVisible = 0;
		};
		4C100DFB1F5FA10200CD50E8 /* Build configuration list for PBXNativeTarget "re-apple-musicUITests" */ = {
			isa = XCConfigurationList;
			buildConfigurations = (
				4C100DFC1F5FA10200CD50E8 /* Debug */,
				4C100DFD1F5FA10200CD50E8 /* Release */,
			);
			defaultConfigurationIsVisible = 0;
		};
/* End XCConfigurationList section */
	};
	rootObject = 4C100DC51F5FA10100CD50E8 /* Project object */;
}
